<?xml version="1.0" encoding="utf-8"?>
<Project ToolsVersion="4.0" xmlns="http://schemas.microsoft.com/developer/msbuild/2003">
  <ItemGroup>
    <Filter Include="Header Files">
      <UniqueIdentifier>{93995380-89BD-4b04-88EB-625FBE52EBFB}</UniqueIdentifier>
      <Extensions>h;hpp;hxx;hm;inl;inc;xsd</Extensions>
    </Filter>
    <Filter Include="Resource Files">
      <UniqueIdentifier>{67DA6AB6-F800-4c08-8B7A-83BB121AAD01}</UniqueIdentifier>
      <Extensions>rc;ico;cur;bmp;dlg;rc2;rct;bin;rgs;gif;jpg;jpeg;jpe;resx;tiff;tif;png;wav;mfcribbon-ms</Extensions>
    </Filter>
    <Filter Include="Source Files">
      <UniqueIdentifier>{4FC737F1-C7A5-4376-A066-2A32D752A2FF}</UniqueIdentifier>
      <Extensions>cpp;c;cc;cxx;def;odl;idl;hpj;bat;asm;asmx</Extensions>
    </Filter>
  </ItemGroup>
  <ItemGroup>
    <None Include="ReadMe.txt" />
  </ItemGroup>
  <ItemGroup>
    <ClInclude Include="stdafx.h">
      <Filter>Header Files</Filter>
    </ClInclude>
    <ClInclude Include="targetver.h">
      <Filter>Header Files</Filter>
    </ClInclude>
    <ClInclude Include="ApiReader.h">
      <Filter>Header Files</Filter>
    </ClInclude>
    <ClInclude Include="Architecture.h">
      <Filter>Header Files</Filter>
    </ClInclude>
    <ClInclude Include="SystemInformation.h">
      <Filter>Header Files</Filter>
    </ClInclude>
    <ClInclude Include="ProcessAccessHelp.h">
      <Filter>Header Files</Filter>
    </ClInclude>
    <ClInclude Include="Thunks.h">
      <Filter>Header Files</Filter>
    </ClInclude>
    <ClInclude Include="NativeWinApi.h">
      <Filter>Header Files</Filter>
    </ClInclude>
    <ClInclude Include="PeParser.h">
      <Filter>Header Files</Filter>
    </ClInclude>
    <ClInclude Include="StringConversion.h">
      <Filter>Header Files</Filter>
    </ClInclude>
    <ClInclude Include="DeviceNameResolver.h">
      <Filter>Header Files</Filter>
    </ClInclude>
    <ClInclude Include="ImportRebuilder.h">
      <Filter>Header Files</Filter>
    </ClInclude>
    <ClInclude Include="ProcessLister.h">
      <Filter>Header Files</Filter>
    </ClInclude>
    <ClInclude Include="IATSearch.h">
      <Filter>Header Files</Filter>
    </ClInclude>
    <ClInclude Include="IATReferenceScan.h">
      <Filter>Header Files</Filter>
    </ClInclude>
    <ClInclude Include="mnemonics.h">
      <Filter>Header Files</Filter>
    </ClInclude>
    <ClInclude Include="include\scylla_wrapper.h">
      <Filter>Header Files</Filter>
    </ClInclude>
  </ItemGroup>
  <ItemGroup>
    <ClCompile Include="stdafx.cpp">
      <Filter>Source Files</Filter>
    </ClCompile>
    <ClCompile Include="ApiReader.cpp">
      <Filter>Source Files</Filter>
    </ClCompile>
    <ClCompile Include="Architecture.cpp">
      <Filter>Source Files</Filter>
    </ClCompile>
    <ClCompile Include="SystemInformation.cpp">
      <Filter>Source Files</Filter>
    </ClCompile>
    <ClCompile Include="ProcessAccessHelp.cpp">
      <Filter>Source Files</Filter>
    </ClCompile>
    <ClCompile Include="NativeWinApi.cpp">
      <Filter>Source Files</Filter>
    </ClCompile>
    <ClCompile Include="PeParser.cpp">
      <Filter>Source Files</Filter>
    </ClCompile>
    <ClCompile Include="StringConversion.cpp">
      <Filter>Source Files</Filter>
    </ClCompile>
    <ClCompile Include="DeviceNameResolver.cpp">
      <Filter>Source Files</Filter>
    </ClCompile>
    <ClCompile Include="ImportRebuilder.cpp">
      <Filter>Source Files</Filter>
    </ClCompile>
    <ClCompile Include="ProcessLister.cpp">
      <Filter>Source Files</Filter>
    </ClCompile>
    <ClCompile Include="IATSearch.cpp">
      <Filter>Source Files</Filter>
    </ClCompile>
    <ClCompile Include="Thunks.cpp">
      <Filter>Source Files</Filter>
    </ClCompile>
    <ClCompile Include="scylla_wrapper.cpp">
      <Filter>Source Files</Filter>
    </ClCompile>
    <ClCompile Include="IATReferenceScan.cpp">
      <Filter>Source Files</Filter>
    </ClCompile>
  </ItemGroup>
</Project>